
Microsoft Visual Studio Solution File, Format Version 12.00
# Visual Studio Version 16
VisualStudioVersion = 16.0.34729.46
MinimumVisualStudioVersion = 10.0.40219.1
Project("{FAE04EC0-301F-11D3-BF4B-00C04F79EFBC}") = "Lab9", "Lab9\Lab9.csproj", "{BF3C8074-82BA-418D-AEB2-FED31D21C3FC}"
EndProject
Global
	GlobalSection(SolutionConfigurationPlatforms) = preSolution
		Debug|Any CPU = Debug|Any CPU
		Release|Any CPU = Release|Any CPU
	EndGlobalSection
	GlobalSection(ProjectConfigurationPlatforms) = postSolution
		{BF3C8074-82BA-418D-AEB2-FED31D21C3FC}.Debug|Any CPU.ActiveCfg = Debug|Any CPU
		{BF3C8074-82BA-418D-AEB2-FED31D21C3FC}.Debug|Any CPU.Build.0 = Debug|Any CPU
		{BF3C8074-82BA-418D-AEB2-FED31D21C3FC}.Release|Any CPU.ActiveCfg = Release|Any CPU
		{BF3C8074-82BA-418D-AEB2-FED31D21C3FC}.Release|Any CPU.Build.0 = Release|Any CPU
	EndGlobalSection
	GlobalSection(SolutionProperties) = preSolution
		HideSolutionNode = FALSE
	EndGlobalSection
	GlobalSection(ExtensibilityGlobals) = postSolution
		SolutionGuid = {E7C384D5-BE32-4D72-8D02-3C531FF8F040}
	EndGlobalSection
EndGlobal
